{
  "name": "Project 3 - Typing Test Game",
  "lockfileVersion": 3,
  "requires": true,
  "packages": {
    "": {
      "dependencies": {
        "random-words": "^1.2.1"
      }
    },
    "node_modules/random-words": {
      "version": "1.2.1",
      "resolved": "https://registry.npmjs.org/random-words/-/random-words-1.2.1.tgz",
      "integrity": "sha512-LG7ejRI9bhOeJ9+Rde4nRyCgdpfmC6vDZU/KlWdvWfMhK88aEWyl6f8qkLxlgO/qvWAXanhhulzQBZT8uDApCA=="
    }
  }
}
